
Microsoft Visual Studio Solution File, Format Version 12.00
# Visual Studio Version 17
VisualStudioVersion = 17.14.36623.8 d17.14
MinimumVisualStudioVersion = 10.0.40219.1
Project("{FAE04EC0-301F-11D3-BF4B-00C04F79EFBC}") = "LTS_StonebornSiteGeneration", "LTS_StonebornSiteGeneration.csproj", "{415E06D4-D633-44C1-A10D-08E43555ACDA}"
EndProject
Global
	GlobalSection(SolutionConfigurationPlatforms) = preSolution
		Debug|Any CPU = Debug|Any CPU
		Release|Any CPU = Release|Any CPU
	EndGlobalSection
	GlobalSection(ProjectConfigurationPlatforms) = postSolution
		{415E06D4-D633-44C1-A10D-08E43555ACDA}.Debug|Any CPU.ActiveCfg = Debug|Any CPU
		{415E06D4-D633-44C1-A10D-08E43555ACDA}.Debug|Any CPU.Build.0 = Debug|Any CPU
		{415E06D4-D633-44C1-A10D-08E43555ACDA}.Release|Any CPU.ActiveCfg = Release|Any CPU
		{415E06D4-D633-44C1-A10D-08E43555ACDA}.Release|Any CPU.Build.0 = Release|Any CPU
	EndGlobalSection
	GlobalSection(SolutionProperties) = preSolution
		HideSolutionNode = FALSE
	EndGlobalSection
	GlobalSection(ExtensibilityGlobals) = postSolution
		SolutionGuid = {63F5BAA4-3B9A-430F-9666-C3614CDB279B}
	EndGlobalSection
EndGlobal
